
Microsoft Visual Studio Solution File, Format Version 12.00
# Visual Studio Version 17
VisualStudioVersion = 17.12.35527.113
MinimumVisualStudioVersion = 10.0.40219.1
Project("{2150E333-8FDC-42A3-9474-1A3956D46DE8}") = "Solution Items", "Solution Items", "{DCEBD392-2D4B-402B-AC87-A3AAD67089CA}"
	ProjectSection(SolutionItems) = preProject
		.editorconfig = .editorconfig
		..\.gitignore = ..\.gitignore
		Directory.Build.props = Directory.Build.props
		Directory.Packages.props = Directory.Packages.props
		..\README.md = ..\README.md
	EndProjectSection
EndProject
Project("{FAE04EC0-301F-11D3-BF4B-00C04F79EFBC}") = "FlavourVault.Web", "FlavourVault.Web\FlavourVault.Web.csproj", "{B6A169FB-9B9A-407F-8460-8DA2E9CAED4E}"
EndProject
Project("{FAE04EC0-301F-11D3-BF4B-00C04F79EFBC}") = "FlavourVault.Recipes", "FlavourVault.Recipes\FlavourVault.Recipes.csproj", "{B1C621DB-AA47-48AB-B51C-B548C88FB30E}"
EndProject
Project("{FAE04EC0-301F-11D3-BF4B-00C04F79EFBC}") = "FlavourVault.Recipes.Contracts", "FlavourVault.Recipes.Contracts\FlavourVault.Recipes.Contracts.csproj", "{CD379219-2B75-4476-B2BD-2822DF8B89A2}"
EndProject
Project("{FAE04EC0-301F-11D3-BF4B-00C04F79EFBC}") = "FlavourVault.SharedCore", "FlavourVault.SharedCore\FlavourVault.SharedCore.csproj", "{BC4C56EE-77A7-49BA-95CD-A2498AEEFAAA}"
EndProject
Project("{E53339B2-1760-4266-BCC7-CA923CBCF16C}") = "docker-compose", "docker-compose.dcproj", "{0F621D17-E675-4B0A-B4D9-C5322CAC3102}"
EndProject
Project("{FAE04EC0-301F-11D3-BF4B-00C04F79EFBC}") = "FlavourVault.Security", "FlavourVault.Security\FlavourVault.Security.csproj", "{EF848B0E-2A1C-4FBC-A921-CA137A01D816}"
EndProject
Project("{FAE04EC0-301F-11D3-BF4B-00C04F79EFBC}") = "FlavourVault.Security.Contracts", "FlavourVault.Security.Contracts\FlavourVault.Security.Contracts.csproj", "{1FBC298B-57FC-4C16-BA00-B4756D362451}"
EndProject
Project("{FAE04EC0-301F-11D3-BF4B-00C04F79EFBC}") = "FlavourVault.Audit", "FlavourVault.Audit\FlavourVault.Audit.csproj", "{E4B24BCB-7FE9-4508-BD2F-AD6FF4A2258B}"
EndProject
Project("{FAE04EC0-301F-11D3-BF4B-00C04F79EFBC}") = "FlavourVault.Audit.Contracts", "FlavourVault.Audit.Contracts\FlavourVault.Audit.Contracts.csproj", "{91E6882C-8827-4FF0-A11A-604D3370D3B4}"
EndProject
Project("{2150E333-8FDC-42A3-9474-1A3956D46DE8}") = "Security", "Security", "{BA87779A-70AB-49E1-8492-D8C10B8A4732}"
EndProject
Project("{2150E333-8FDC-42A3-9474-1A3956D46DE8}") = "Audit", "Audit", "{B38868B0-2582-4EE2-9474-D16817F52684}"
EndProject
Project("{2150E333-8FDC-42A3-9474-1A3956D46DE8}") = "Recipes", "Recipes", "{863E3188-1223-466C-9D81-5E4F0A80D6E7}"
EndProject
Project("{2150E333-8FDC-42A3-9474-1A3956D46DE8}") = "Shared", "Shared", "{05DA6190-0D0F-4B1F-A9A3-CF301CEBC2CD}"
EndProject
Project("{FAE04EC0-301F-11D3-BF4B-00C04F79EFBC}") = "FlavourVault.OutboxDispatcher", "FlavourVault.OutboxDispatcher\FlavourVault.OutboxDispatcher.csproj", "{08FC3051-C967-43F8-B483-347EA862CEC1}"
EndProject
Project("{FAE04EC0-301F-11D3-BF4B-00C04F79EFBC}") = "FlavourVault.Results", "FlavourVault.Results\FlavourVault.Results.csproj", "{E827CFFF-55C0-4E39-A3A3-EEE0E84104C8}"
EndProject
Project("{2150E333-8FDC-42A3-9474-1A3956D46DE8}") = "Notifications", "Notifications", "{578B62F8-F25E-4A67-A062-9D268BD52292}"
EndProject
Project("{FAE04EC0-301F-11D3-BF4B-00C04F79EFBC}") = "FlavourVault.NotificationsService", "FlavourVault.NotificationsService\FlavourVault.NotificationsService.csproj", "{42F365EE-A833-4DED-8AAE-D8648D8075CA}"
EndProject
Project("{FAE04EC0-301F-11D3-BF4B-00C04F79EFBC}") = "FlavourVault.Notification.Contracts", "FlavourVault.Notification.Contracts\FlavourVault.Notification.Contracts.csproj", "{E6A4D4DB-3A14-4788-9EC5-3529972ACFDD}"
EndProject
Global
	GlobalSection(SolutionConfigurationPlatforms) = preSolution
		Debug|Any CPU = Debug|Any CPU
		Release|Any CPU = Release|Any CPU
	EndGlobalSection
	GlobalSection(ProjectConfigurationPlatforms) = postSolution
		{B6A169FB-9B9A-407F-8460-8DA2E9CAED4E}.Debug|Any CPU.ActiveCfg = Debug|Any CPU
		{B6A169FB-9B9A-407F-8460-8DA2E9CAED4E}.Debug|Any CPU.Build.0 = Debug|Any CPU
		{B6A169FB-9B9A-407F-8460-8DA2E9CAED4E}.Release|Any CPU.ActiveCfg = Release|Any CPU
		{B6A169FB-9B9A-407F-8460-8DA2E9CAED4E}.Release|Any CPU.Build.0 = Release|Any CPU
		{B1C621DB-AA47-48AB-B51C-B548C88FB30E}.Debug|Any CPU.ActiveCfg = Debug|Any CPU
		{B1C621DB-AA47-48AB-B51C-B548C88FB30E}.Debug|Any CPU.Build.0 = Debug|Any CPU
		{B1C621DB-AA47-48AB-B51C-B548C88FB30E}.Release|Any CPU.ActiveCfg = Release|Any CPU
		{B1C621DB-AA47-48AB-B51C-B548C88FB30E}.Release|Any CPU.Build.0 = Release|Any CPU
		{CD379219-2B75-4476-B2BD-2822DF8B89A2}.Debug|Any CPU.ActiveCfg = Debug|Any CPU
		{CD379219-2B75-4476-B2BD-2822DF8B89A2}.Debug|Any CPU.Build.0 = Debug|Any CPU
		{CD379219-2B75-4476-B2BD-2822DF8B89A2}.Release|Any CPU.ActiveCfg = Release|Any CPU
		{CD379219-2B75-4476-B2BD-2822DF8B89A2}.Release|Any CPU.Build.0 = Release|Any CPU
		{BC4C56EE-77A7-49BA-95CD-A2498AEEFAAA}.Debug|Any CPU.ActiveCfg = Debug|Any CPU
		{BC4C56EE-77A7-49BA-95CD-A2498AEEFAAA}.Debug|Any CPU.Build.0 = Debug|Any CPU
		{BC4C56EE-77A7-49BA-95CD-A2498AEEFAAA}.Release|Any CPU.ActiveCfg = Release|Any CPU
		{BC4C56EE-77A7-49BA-95CD-A2498AEEFAAA}.Release|Any CPU.Build.0 = Release|Any CPU
		{0F621D17-E675-4B0A-B4D9-C5322CAC3102}.Debug|Any CPU.ActiveCfg = Debug|Any CPU
		{0F621D17-E675-4B0A-B4D9-C5322CAC3102}.Debug|Any CPU.Build.0 = Debug|Any CPU
		{0F621D17-E675-4B0A-B4D9-C5322CAC3102}.Release|Any CPU.ActiveCfg = Release|Any CPU
		{0F621D17-E675-4B0A-B4D9-C5322CAC3102}.Release|Any CPU.Build.0 = Release|Any CPU
		{EF848B0E-2A1C-4FBC-A921-CA137A01D816}.Debug|Any CPU.ActiveCfg = Debug|Any CPU
		{EF848B0E-2A1C-4FBC-A921-CA137A01D816}.Debug|Any CPU.Build.0 = Debug|Any CPU
		{EF848B0E-2A1C-4FBC-A921-CA137A01D816}.Release|Any CPU.ActiveCfg = Release|Any CPU
		{EF848B0E-2A1C-4FBC-A921-CA137A01D816}.Release|Any CPU.Build.0 = Release|Any CPU
		{1FBC298B-57FC-4C16-BA00-B4756D362451}.Debug|Any CPU.ActiveCfg = Debug|Any CPU
		{1FBC298B-57FC-4C16-BA00-B4756D362451}.Debug|Any CPU.Build.0 = Debug|Any CPU
		{1FBC298B-57FC-4C16-BA00-B4756D362451}.Release|Any CPU.ActiveCfg = Release|Any CPU
		{1FBC298B-57FC-4C16-BA00-B4756D362451}.Release|Any CPU.Build.0 = Release|Any CPU
		{E4B24BCB-7FE9-4508-BD2F-AD6FF4A2258B}.Debug|Any CPU.ActiveCfg = Debug|Any CPU
		{E4B24BCB-7FE9-4508-BD2F-AD6FF4A2258B}.Debug|Any CPU.Build.0 = Debug|Any CPU
		{E4B24BCB-7FE9-4508-BD2F-AD6FF4A2258B}.Release|Any CPU.ActiveCfg = Release|Any CPU
		{E4B24BCB-7FE9-4508-BD2F-AD6FF4A2258B}.Release|Any CPU.Build.0 = Release|Any CPU
		{91E6882C-8827-4FF0-A11A-604D3370D3B4}.Debug|Any CPU.ActiveCfg = Debug|Any CPU
		{91E6882C-8827-4FF0-A11A-604D3370D3B4}.Debug|Any CPU.Build.0 = Debug|Any CPU
		{91E6882C-8827-4FF0-A11A-604D3370D3B4}.Release|Any CPU.ActiveCfg = Release|Any CPU
		{91E6882C-8827-4FF0-A11A-604D3370D3B4}.Release|Any CPU.Build.0 = Release|Any CPU
		{08FC3051-C967-43F8-B483-347EA862CEC1}.Debug|Any CPU.ActiveCfg = Debug|Any CPU
		{08FC3051-C967-43F8-B483-347EA862CEC1}.Debug|Any CPU.Build.0 = Debug|Any CPU
		{08FC3051-C967-43F8-B483-347EA862CEC1}.Release|Any CPU.ActiveCfg = Release|Any CPU
		{08FC3051-C967-43F8-B483-347EA862CEC1}.Release|Any CPU.Build.0 = Release|Any CPU
		{E827CFFF-55C0-4E39-A3A3-EEE0E84104C8}.Debug|Any CPU.ActiveCfg = Debug|Any CPU
		{E827CFFF-55C0-4E39-A3A3-EEE0E84104C8}.Debug|Any CPU.Build.0 = Debug|Any CPU
		{E827CFFF-55C0-4E39-A3A3-EEE0E84104C8}.Release|Any CPU.ActiveCfg = Release|Any CPU
		{E827CFFF-55C0-4E39-A3A3-EEE0E84104C8}.Release|Any CPU.Build.0 = Release|Any CPU
		{42F365EE-A833-4DED-8AAE-D8648D8075CA}.Debug|Any CPU.ActiveCfg = Debug|Any CPU
		{42F365EE-A833-4DED-8AAE-D8648D8075CA}.Debug|Any CPU.Build.0 = Debug|Any CPU
		{42F365EE-A833-4DED-8AAE-D8648D8075CA}.Release|Any CPU.ActiveCfg = Release|Any CPU
		{42F365EE-A833-4DED-8AAE-D8648D8075CA}.Release|Any CPU.Build.0 = Release|Any CPU
		{E6A4D4DB-3A14-4788-9EC5-3529972ACFDD}.Debug|Any CPU.ActiveCfg = Debug|Any CPU
		{E6A4D4DB-3A14-4788-9EC5-3529972ACFDD}.Debug|Any CPU.Build.0 = Debug|Any CPU
		{E6A4D4DB-3A14-4788-9EC5-3529972ACFDD}.Release|Any CPU.ActiveCfg = Release|Any CPU
		{E6A4D4DB-3A14-4788-9EC5-3529972ACFDD}.Release|Any CPU.Build.0 = Release|Any CPU
	EndGlobalSection
	GlobalSection(SolutionProperties) = preSolution
		HideSolutionNode = FALSE
	EndGlobalSection
	GlobalSection(NestedProjects) = preSolution
		{B1C621DB-AA47-48AB-B51C-B548C88FB30E} = {863E3188-1223-466C-9D81-5E4F0A80D6E7}
		{CD379219-2B75-4476-B2BD-2822DF8B89A2} = {863E3188-1223-466C-9D81-5E4F0A80D6E7}
		{BC4C56EE-77A7-49BA-95CD-A2498AEEFAAA} = {05DA6190-0D0F-4B1F-A9A3-CF301CEBC2CD}
		{EF848B0E-2A1C-4FBC-A921-CA137A01D816} = {BA87779A-70AB-49E1-8492-D8C10B8A4732}
		{1FBC298B-57FC-4C16-BA00-B4756D362451} = {BA87779A-70AB-49E1-8492-D8C10B8A4732}
		{E4B24BCB-7FE9-4508-BD2F-AD6FF4A2258B} = {B38868B0-2582-4EE2-9474-D16817F52684}
		{91E6882C-8827-4FF0-A11A-604D3370D3B4} = {B38868B0-2582-4EE2-9474-D16817F52684}
		{08FC3051-C967-43F8-B483-347EA862CEC1} = {05DA6190-0D0F-4B1F-A9A3-CF301CEBC2CD}
		{E827CFFF-55C0-4E39-A3A3-EEE0E84104C8} = {05DA6190-0D0F-4B1F-A9A3-CF301CEBC2CD}
		{42F365EE-A833-4DED-8AAE-D8648D8075CA} = {578B62F8-F25E-4A67-A062-9D268BD52292}
		{E6A4D4DB-3A14-4788-9EC5-3529972ACFDD} = {578B62F8-F25E-4A67-A062-9D268BD52292}
	EndGlobalSection
EndGlobal
